
Microsoft Visual Studio Solution File, Format Version 12.00
Project("{FAE04EC0-301F-11D3-BF4B-00C04F79EFBC}") = "SimpleCrudMicroservice", "SimpleCrudMicroservice\SimpleCrudMicroservice.csproj", "{FBD5EC26-7E24-4F4B-8947-3DFCD11A3C75}"
EndProject
Project("{FAE04EC0-301F-11D3-BF4B-00C04F79EFBC}") = "SimpleCrudMicroservice.Service", "SimpleCrudMicroservice.Service\SimpleCrudMicroservice.Service.csproj", "{2F4C15A7-A386-4FD9-8968-E8B660F002D3}"
EndProject
Project("{FAE04EC0-301F-11D3-BF4B-00C04F79EFBC}") = "SimpleCrudMicroservice.Domain", "SimpleCrudMicroservice.Domain\SimpleCrudMicroservice.Domain.csproj", "{CD6696DE-B967-4F48-9FF0-4E32F3B19997}"
EndProject
Project("{FAE04EC0-301F-11D3-BF4B-00C04F79EFBC}") = "SimpleCrudMicroservice.RabbitMQWeb", "SimpleCrudMicroservice.RabbitMQWeb\SimpleCrudMicroservice.RabbitMQWeb.csproj", "{029C4271-14CB-41BF-9671-D94CF2050BD6}"
EndProject
Global
	GlobalSection(SolutionConfigurationPlatforms) = preSolution
		Debug|Any CPU = Debug|Any CPU
		Release|Any CPU = Release|Any CPU
	EndGlobalSection
	GlobalSection(ProjectConfigurationPlatforms) = postSolution
		{FBD5EC26-7E24-4F4B-8947-3DFCD11A3C75}.Debug|Any CPU.ActiveCfg = Debug|Any CPU
		{FBD5EC26-7E24-4F4B-8947-3DFCD11A3C75}.Debug|Any CPU.Build.0 = Debug|Any CPU
		{FBD5EC26-7E24-4F4B-8947-3DFCD11A3C75}.Release|Any CPU.ActiveCfg = Release|Any CPU
		{FBD5EC26-7E24-4F4B-8947-3DFCD11A3C75}.Release|Any CPU.Build.0 = Release|Any CPU
		{2F4C15A7-A386-4FD9-8968-E8B660F002D3}.Debug|Any CPU.ActiveCfg = Debug|Any CPU
		{2F4C15A7-A386-4FD9-8968-E8B660F002D3}.Debug|Any CPU.Build.0 = Debug|Any CPU
		{2F4C15A7-A386-4FD9-8968-E8B660F002D3}.Release|Any CPU.ActiveCfg = Release|Any CPU
		{2F4C15A7-A386-4FD9-8968-E8B660F002D3}.Release|Any CPU.Build.0 = Release|Any CPU
		{CD6696DE-B967-4F48-9FF0-4E32F3B19997}.Debug|Any CPU.ActiveCfg = Debug|Any CPU
		{CD6696DE-B967-4F48-9FF0-4E32F3B19997}.Debug|Any CPU.Build.0 = Debug|Any CPU
		{CD6696DE-B967-4F48-9FF0-4E32F3B19997}.Release|Any CPU.ActiveCfg = Release|Any CPU
		{CD6696DE-B967-4F48-9FF0-4E32F3B19997}.Release|Any CPU.Build.0 = Release|Any CPU
		{029C4271-14CB-41BF-9671-D94CF2050BD6}.Debug|Any CPU.ActiveCfg = Debug|Any CPU
		{029C4271-14CB-41BF-9671-D94CF2050BD6}.Debug|Any CPU.Build.0 = Debug|Any CPU
		{029C4271-14CB-41BF-9671-D94CF2050BD6}.Release|Any CPU.ActiveCfg = Release|Any CPU
		{029C4271-14CB-41BF-9671-D94CF2050BD6}.Release|Any CPU.Build.0 = Release|Any CPU
	EndGlobalSection
EndGlobal
